
Microsoft Visual Studio Solution File, Format Version 12.00
# Visual Studio Version 16
VisualStudioVersion = 16.0.30413.136
MinimumVisualStudioVersion = 10.0.40219.1
Project("{FAE04EC0-301F-11D3-BF4B-00C04F79EFBC}") = "Coding Community", "Coding Community.csproj", "{DEF799F1-D963-42C3-9E62-CB1F37E4D3EE}"
EndProject
Global
	GlobalSection(SolutionConfigurationPlatforms) = preSolution
		Debug|Any CPU = Debug|Any CPU
		Release|Any CPU = Release|Any CPU
	EndGlobalSection
	GlobalSection(ProjectConfigurationPlatforms) = postSolution
		{DEF799F1-D963-42C3-9E62-CB1F37E4D3EE}.Debug|Any CPU.ActiveCfg = Debug|Any CPU
		{DEF799F1-D963-42C3-9E62-CB1F37E4D3EE}.Debug|Any CPU.Build.0 = Debug|Any CPU
		{DEF799F1-D963-42C3-9E62-CB1F37E4D3EE}.Release|Any CPU.ActiveCfg = Release|Any CPU
		{DEF799F1-D963-42C3-9E62-CB1F37E4D3EE}.Release|Any CPU.Build.0 = Release|Any CPU
	EndGlobalSection
	GlobalSection(SolutionProperties) = preSolution
		HideSolutionNode = FALSE
	EndGlobalSection
	GlobalSection(ExtensibilityGlobals) = postSolution
		SolutionGuid = {B81DE3B9-BAA9-4FD5-8E9C-06F57C224B77}
	EndGlobalSection
EndGlobal
